
Microsoft Visual Studio Solution File, Format Version 12.00
# Visual Studio Version 16
VisualStudioVersion = 16.0.32929.386
MinimumVisualStudioVersion = 10.0.40219.1
Project("{FAE04EC0-301F-11D3-BF4B-00C04F79EFBC}") = "Percobaan buat Sprint 2", "Percobaan buat Sprint 2\Percobaan buat Sprint 2.csproj", "{3C08E776-639F-409B-8BAB-A285DC9095A0}"
EndProject
Global
	GlobalSection(SolutionConfigurationPlatforms) = preSolution
		Debug|Any CPU = Debug|Any CPU
		Release|Any CPU = Release|Any CPU
	EndGlobalSection
	GlobalSection(ProjectConfigurationPlatforms) = postSolution
		{3C08E776-639F-409B-8BAB-A285DC9095A0}.Debug|Any CPU.ActiveCfg = Debug|Any CPU
		{3C08E776-639F-409B-8BAB-A285DC9095A0}.Debug|Any CPU.Build.0 = Debug|Any CPU
		{3C08E776-639F-409B-8BAB-A285DC9095A0}.Release|Any CPU.ActiveCfg = Release|Any CPU
		{3C08E776-639F-409B-8BAB-A285DC9095A0}.Release|Any CPU.Build.0 = Release|Any CPU
	EndGlobalSection
	GlobalSection(SolutionProperties) = preSolution
		HideSolutionNode = FALSE
	EndGlobalSection
	GlobalSection(ExtensibilityGlobals) = postSolution
		SolutionGuid = {C19BC16A-28DE-4257-8C03-0B4DE11B930F}
	EndGlobalSection
EndGlobal
